
Microsoft Visual Studio Solution File, Format Version 12.00
# Visual Studio Version 17
VisualStudioVersion = 17.13.35931.197
MinimumVisualStudioVersion = 10.0.40219.1
Project("{8BC9CEB8-8B4A-11D0-8D11-00A0C91BC942}") = "MT3 GitHub", "MT3 GitHub.vcxproj", "{46614FFB-7334-4B69-862E-93F0B21C0DE4}"
EndProject
Global
	GlobalSection(SolutionConfigurationPlatforms) = preSolution
		Debug|x64 = Debug|x64
		Release|x64 = Release|x64
	EndGlobalSection
	GlobalSection(ProjectConfigurationPlatforms) = postSolution
		{46614FFB-7334-4B69-862E-93F0B21C0DE4}.Debug|x64.ActiveCfg = Debug|x64
		{46614FFB-7334-4B69-862E-93F0B21C0DE4}.Debug|x64.Build.0 = Debug|x64
		{46614FFB-7334-4B69-862E-93F0B21C0DE4}.Release|x64.ActiveCfg = Release|x64
		{46614FFB-7334-4B69-862E-93F0B21C0DE4}.Release|x64.Build.0 = Release|x64
	EndGlobalSection
	GlobalSection(SolutionProperties) = preSolution
		HideSolutionNode = FALSE
	EndGlobalSection
	GlobalSection(ExtensibilityGlobals) = postSolution
		SolutionGuid = {F38F5382-40F5-42A7-B259-BA6534AFD881}
	EndGlobalSection
EndGlobal
